// !$*UTF8*$!
{
	archiveVersion = 1;
	classes = {
	};
	objectVersion = 56;
	objects = {

/* Begin PBXBuildFile section */
		362A6AA0298C4B8200D2B6D5 /* Trombone_Champ_Mod_ManagerApp.swift in Sources */ = {isa = PBXBuildFile; fileRef = 362A6A9F298C4B8200D2B6D5 /* Trombone_Champ_Mod_ManagerApp.swift */; };
		362A6AA2298C4B8200D2B6D5 /* ContentView.swift in Sources */ = {isa = PBXBuildFile; fileRef = 362A6AA1298C4B8200D2B6D5 /* ContentView.swift */; };
		362A6AA4298C4B8300D2B6D5 /* Assets.xcassets in Resources */ = {isa = PBXBuildFile; fileRef = 362A6AA3298C4B8300D2B6D5 /* Assets.xcassets */; };
		362A6AA7298C4B8300D2B6D5 /* Preview Assets.xcassets in Resources */ = {isa = PBXBuildFile; fileRef = 362A6AA6298C4B8300D2B6D5 /* Preview Assets.xcassets */; };
		362A6AAF298C5AB300D2B6D5 /* Types.swift in Sources */ = {isa = PBXBuildFile; fileRef = 362A6AAE298C5AB300D2B6D5 /* Types.swift */; };
		362A6AB2298C625600D2B6D5 /* ZIPFoundation in Frameworks */ = {isa = PBXBuildFile; productRef = 362A6AB1298C625600D2B6D5 /* ZIPFoundation */; };
		365928EB299F114C0047EF9F /* SettingsView.swift in Sources */ = {isa = PBXBuildFile; fileRef = 365928EA299F114C0047EF9F /* SettingsView.swift */; };
		36616AF2298DECEF00E92886 /* CachedAsyncImage in Frameworks */ = {isa = PBXBuildFile; productRef = 36616AF1298DECEF00E92886 /* CachedAsyncImage */; };
		36616AF4298DEFD500E92886 /* ModListRow.swift in Sources */ = {isa = PBXBuildFile; fileRef = 36616AF3298DEFD500E92886 /* ModListRow.swift */; };
		36616AF6298DF1EE00E92886 /* ModInfo.swift in Sources */ = {isa = PBXBuildFile; fileRef = 36616AF5298DF1EE00E92886 /* ModInfo.swift */; };
		36793328298C8EED0027CAF1 /* BepInExInstallView.swift in Sources */ = {isa = PBXBuildFile; fileRef = 36793327298C8EED0027CAF1 /* BepInExInstallView.swift */; };
		3679332A298C94F80027CAF1 /* ModList.swift in Sources */ = {isa = PBXBuildFile; fileRef = 36793329298C94F80027CAF1 /* ModList.swift */; };
/* End PBXBuildFile section */

/* Begin PBXFileReference section */
		362A6A9C298C4B8200D2B6D5 /* Trombone Champ Mod Manager.app */ = {isa = PBXFileReference; explicitFileType = wrapper.application; includeInIndex = 0; path = "Trombone Champ Mod Manager.app"; sourceTree = BUILT_PRODUCTS_DIR; };
		362A6A9F298C4B8200D2B6D5 /* Trombone_Champ_Mod_ManagerApp.swift */ = {isa = PBXFileReference; lastKnownFileType = sourcecode.swift; path = Trombone_Champ_Mod_ManagerApp.swift; sourceTree = "<group>"; };
		362A6AA1298C4B8200D2B6D5 /* ContentView.swift */ = {isa = PBXFileReference; lastKnownFileType = sourcecode.swift; path = ContentView.swift; sourceTree = "<group>"; };
		362A6AA3298C4B8300D2B6D5 /* Assets.xcassets */ = {isa = PBXFileReference; lastKnownFileType = folder.assetcatalog; path = Assets.xcassets; sourceTree = "<group>"; };
		362A6AA6298C4B8300D2B6D5 /* Preview Assets.xcassets */ = {isa = PBXFileReference; lastKnownFileType = folder.assetcatalog; path = "Preview Assets.xcassets"; sourceTree = "<group>"; };
		362A6AA8298C4B8300D2B6D5 /* Trombone_Champ_Mod_Manager.entitlements */ = {isa = PBXFileReference; lastKnownFileType = text.plist.entitlements; path = Trombone_Champ_Mod_Manager.entitlements; sourceTree = "<group>"; };
		362A6AAE298C5AB300D2B6D5 /* Types.swift */ = {isa = PBXFileReference; lastKnownFileType = sourcecode.swift; path = Types.swift; sourceTree = "<group>"; };
		365928EA299F114C0047EF9F /* SettingsView.swift */ = {isa = PBXFileReference; lastKnownFileType = sourcecode.swift; path = SettingsView.swift; sourceTree = "<group>"; };
		36616AF3298DEFD500E92886 /* ModListRow.swift */ = {isa = PBXFileReference; lastKnownFileType = sourcecode.swift; path = ModListRow.swift; sourceTree = "<group>"; };
		36616AF5298DF1EE00E92886 /* ModInfo.swift */ = {isa = PBXFileReference; lastKnownFileType = sourcecode.swift; path = ModInfo.swift; sourceTree = "<group>"; };
		36793327298C8EED0027CAF1 /* BepInExInstallView.swift */ = {isa = PBXFileReference; lastKnownFileType = sourcecode.swift; path = BepInExInstallView.swift; sourceTree = "<group>"; };
		36793329298C94F80027CAF1 /* ModList.swift */ = {isa = PBXFileReference; lastKnownFileType = sourcecode.swift; path = ModList.swift; sourceTree = "<group>"; };
/* End PBXFileReference section */

/* Begin PBXFrameworksBuildPhase section */
		362A6A99298C4B8200D2B6D5 /* Frameworks */ = {
			isa = PBXFrameworksBuildPhase;
			buildActionMask = 2147483647;
			files = (
				362A6AB2298C625600D2B6D5 /* ZIPFoundation in Frameworks */,
				36616AF2298DECEF00E92886 /* CachedAsyncImage in Frameworks */,
			);
			runOnlyForDeploymentPostprocessing = 0;
		};
/* End PBXFrameworksBuildPhase section */

/* Begin PBXGroup section */
		362A6A93298C4B8200D2B6D5 = {
			isa = PBXGroup;
			children = (
				362A6A9E298C4B8200D2B6D5 /* Trombone Champ Mod Manager */,
				362A6A9D298C4B8200D2B6D5 /* Products */,
			);
			sourceTree = "<group>";
		};
		362A6A9D298C4B8200D2B6D5 /* Products */ = {
			isa = PBXGroup;
			children = (
				362A6A9C298C4B8200D2B6D5 /* Trombone Champ Mod Manager.app */,
			);
			name = Products;
			sourceTree = "<group>";
		};
		362A6A9E298C4B8200D2B6D5 /* Trombone Champ Mod Manager */ = {
			isa = PBXGroup;
			children = (
				362A6AAE298C5AB300D2B6D5 /* Types.swift */,
				362A6A9F298C4B8200D2B6D5 /* Trombone_Champ_Mod_ManagerApp.swift */,
				362A6AA1298C4B8200D2B6D5 /* ContentView.swift */,
				36793327298C8EED0027CAF1 /* BepInExInstallView.swift */,
				36616AF5298DF1EE00E92886 /* ModInfo.swift */,
				36793329298C94F80027CAF1 /* ModList.swift */,
				36616AF3298DEFD500E92886 /* ModListRow.swift */,
				365928EA299F114C0047EF9F /* SettingsView.swift */,
				362A6AA3298C4B8300D2B6D5 /* Assets.xcassets */,
				362A6AA8298C4B8300D2B6D5 /* Trombone_Champ_Mod_Manager.entitlements */,
				362A6AA5298C4B8300D2B6D5 /* Preview Content */,
			);
			path = "Trombone Champ Mod Manager";
			sourceTree = "<group>";
		};
		362A6AA5298C4B8300D2B6D5 /* Preview Content */ = {
			isa = PBXGroup;
			children = (
				362A6AA6298C4B8300D2B6D5 /* Preview Assets.xcassets */,
			);
			path = "Preview Content";
			sourceTree = "<group>";
		};
/* End PBXGroup section */

/* Begin PBXNativeTarget section */
		362A6A9B298C4B8200D2B6D5 /* Trombone Champ Mod Manager */ = {
			isa = PBXNativeTarget;
			buildConfigurationList = 362A6AAB298C4B8300D2B6D5 /* Build configuration list for PBXNativeTarget "Trombone Champ Mod Manager" */;
			buildPhases = (
				362A6A98298C4B8200D2B6D5 /* Sources */,
				362A6A99298C4B8200D2B6D5 /* Frameworks */,
				362A6A9A298C4B8200D2B6D5 /* Resources */,
			);
			buildRules = (
			);
			dependencies = (
			);
			name = "Trombone Champ Mod Manager";
			packageProductDependencies = (
				362A6AB1298C625600D2B6D5 /* ZIPFoundation */,
				36616AF1298DECEF00E92886 /* CachedAsyncImage */,
			);
			productName = "Trombone Champ Mod Manager";
			productReference = 362A6A9C298C4B8200D2B6D5 /* Trombone Champ Mod Manager.app */;
			productType = "com.apple.product-type.application";
		};
/* End PBXNativeTarget section */

/* Begin PBXProject section */
		362A6A94298C4B8200D2B6D5 /* Project object */ = {
			isa = PBXProject;
			attributes = {
				BuildIndependentTargetsInParallel = 1;
				LastSwiftUpdateCheck = 1420;
				LastUpgradeCheck = 1420;
				TargetAttributes = {
					362A6A9B298C4B8200D2B6D5 = {
						CreatedOnToolsVersion = 14.2;
						LastSwiftMigration = 1420;
					};
				};
			};
			buildConfigurationList = 362A6A97298C4B8200D2B6D5 /* Build configuration list for PBXProject "Trombone Champ Mod Manager" */;
			compatibilityVersion = "Xcode 14.0";
			developmentRegion = en;
			hasScannedForEncodings = 0;
			knownRegions = (
				en,
				Base,
			);
			mainGroup = 362A6A93298C4B8200D2B6D5;
			packageReferences = (
				362A6AB0298C625600D2B6D5 /* XCRemoteSwiftPackageReference "ZIPFoundation" */,
				36616AF0298DECEF00E92886 /* XCRemoteSwiftPackageReference "swiftui-cached-async-image" */,
			);
			productRefGroup = 362A6A9D298C4B8200D2B6D5 /* Products */;
			projectDirPath = "";
			projectRoot = "";
			targets = (
				362A6A9B298C4B8200D2B6D5 /* Trombone Champ Mod Manager */,
			);
		};
/* End PBXProject section */

/* Begin PBXResourcesBuildPhase section */
		362A6A9A298C4B8200D2B6D5 /* Resources */ = {
			isa = PBXResourcesBuildPhase;
			buildActionMask = 2147483647;
			files = (
				362A6AA7298C4B8300D2B6D5 /* Preview Assets.xcassets in Resources */,
				362A6AA4298C4B8300D2B6D5 /* Assets.xcassets in Resources */,
			);
			runOnlyForDeploymentPostprocessing = 0;
		};
/* End PBXResourcesBuildPhase section */

/* Begin PBXSourcesBuildPhase section */
		362A6A98298C4B8200D2B6D5 /* Sources */ = {
			isa = PBXSourcesBuildPhase;
			buildActionMask = 2147483647;
			files = (
				36793328298C8EED0027CAF1 /* BepInExInstallView.swift in Sources */,
				365928EB299F114C0047EF9F /* SettingsView.swift in Sources */,
				3679332A298C94F80027CAF1 /* ModList.swift in Sources */,
				36616AF6298DF1EE00E92886 /* ModInfo.swift in Sources */,
				362A6AAF298C5AB300D2B6D5 /* Types.swift in Sources */,
				362A6AA2298C4B8200D2B6D5 /* ContentView.swift in Sources */,
				362A6AA0298C4B8200D2B6D5 /* Trombone_Champ_Mod_ManagerApp.swift in Sources */,
				36616AF4298DEFD500E92886 /* ModListRow.swift in Sources */,
			);
			runOnlyForDeploymentPostprocessing = 0;
		};
/* End PBXSourcesBuildPhase section */

/* Begin XCBuildConfiguration section */
		362A6AA9298C4B8300D2B6D5 /* Debug */ = {
			isa = XCBuildConfiguration;
			buildSettings = {
				ALWAYS_SEARCH_USER_PATHS = NO;
				CLANG_ANALYZER_NONNULL = YES;
				CLANG_ANALYZER_NUMBER_OBJECT_CONVERSION = YES_AGGRESSIVE;
				CLANG_CXX_LANGUAGE_STANDARD = "gnu++20";
				CLANG_ENABLE_MODULES = YES;
				CLANG_ENABLE_OBJC_ARC = YES;
				CLANG_ENABLE_OBJC_WEAK = YES;
				CLANG_WARN_BLOCK_CAPTURE_AUTORELEASING = YES;
				CLANG_WARN_BOOL_CONVERSION = YES;
				CLANG_WARN_COMMA = YES;
				CLANG_WARN_CONSTANT_CONVERSION = YES;
				CLANG_WARN_DEPRECATED_OBJC_IMPLEMENTATIONS = YES;
				CLANG_WARN_DIRECT_OBJC_ISA_USAGE = YES_ERROR;
				CLANG_WARN_DOCUMENTATION_COMMENTS = YES;
				CLANG_WARN_EMPTY_BODY = YES;
				CLANG_WARN_ENUM_CONVERSION = YES;
				CLANG_WARN_INFINITE_RECURSION = YES;
				CLANG_WARN_INT_CONVERSION = YES;
				CLANG_WARN_NON_LITERAL_NULL_CONVERSION = YES;
				CLANG_WARN_OBJC_IMPLICIT_RETAIN_SELF = YES;
				CLANG_WARN_OBJC_LITERAL_CONVERSION = YES;
				CLANG_WARN_OBJC_ROOT_CLASS = YES_ERROR;
				CLANG_WARN_QUOTED_INCLUDE_IN_FRAMEWORK_HEADER = YES;
				CLANG_WARN_RANGE_LOOP_ANALYSIS = YES;
				CLANG_WARN_STRICT_PROTOTYPES = YES;
				CLANG_WARN_SUSPICIOUS_MOVE = YES;
				CLANG_WARN_UNGUARDED_AVAILABILITY = YES_AGGRESSIVE;
				CLANG_WARN_UNREACHABLE_CODE = YES;
				CLANG_WARN__DUPLICATE_METHOD_MATCH = YES;
				COPY_PHASE_STRIP = NO;
				DEBUG_INFORMATION_FORMAT = dwarf;
				ENABLE_STRICT_OBJC_MSGSEND = YES;
				ENABLE_TESTABILITY = YES;
				GCC_C_LANGUAGE_STANDARD = gnu11;
				GCC_DYNAMIC_NO_PIC = NO;
				GCC_NO_COMMON_BLOCKS = YES;
				GCC_OPTIMIZATION_LEVEL = 0;
				GCC_PREPROCESSOR_DEFINITIONS = (
					"DEBUG=1",
					"$(inherited)",
				);
				GCC_WARN_64_TO_32_BIT_CONVERSION = YES;
				GCC_WARN_ABOUT_RETURN_TYPE = YES_ERROR;
				GCC_WARN_UNDECLARED_SELECTOR = YES;
				GCC_WARN_UNINITIALIZED_AUTOS = YES_AGGRESSIVE;
				GCC_WARN_UNUSED_FUNCTION = YES;
				GCC_WARN_UNUSED_VARIABLE = YES;
				MACOSX_DEPLOYMENT_TARGET = 13.1;
				MTL_ENABLE_DEBUG_INFO = INCLUDE_SOURCE;
				MTL_FAST_MATH = YES;
				ONLY_ACTIVE_ARCH = YES;
				SDKROOT = macosx;
				SWIFT_ACTIVE_COMPILATION_CONDITIONS = DEBUG;
				SWIFT_OPTIMIZATION_LEVEL = "-Onone";
			};
			name = Debug;
		};
		362A6AAA298C4B8300D2B6D5 /* Release */ = {
			isa = XCBuildConfiguration;
			buildSettings = {
				ALWAYS_SEARCH_USER_PATHS = NO;
				CLANG_ANALYZER_NONNULL = YES;
				CLANG_ANALYZER_NUMBER_OBJECT_CONVERSION = YES_AGGRESSIVE;
				CLANG_CXX_LANGUAGE_STANDARD = "gnu++20";
				CLANG_ENABLE_MODULES = YES;
				CLANG_ENABLE_OBJC_ARC = YES;
				CLANG_ENABLE_OBJC_WEAK = YES;
				CLANG_WARN_BLOCK_CAPTURE_AUTORELEASING = YES;
				CLANG_WARN_BOOL_CONVERSION = YES;
				CLANG_WARN_COMMA = YES;
				CLANG_WARN_CONSTANT_CONVERSION = YES;
				CLANG_WARN_DEPRECATED_OBJC_IMPLEMENTATIONS = YES;
				CLANG_WARN_DIRECT_OBJC_ISA_USAGE = YES_ERROR;
				CLANG_WARN_DOCUMENTATION_COMMENTS = YES;
				CLANG_WARN_EMPTY_BODY = YES;
				CLANG_WARN_ENUM_CONVERSION = YES;
				CLANG_WARN_INFINITE_RECURSION = YES;
				CLANG_WARN_INT_CONVERSION = YES;
				CLANG_WARN_NON_LITERAL_NULL_CONVERSION = YES;
				CLANG_WARN_OBJC_IMPLICIT_RETAIN_SELF = YES;
				CLANG_WARN_OBJC_LITERAL_CONVERSION = YES;
				CLANG_WARN_OBJC_ROOT_CLASS = YES_ERROR;
				CLANG_WARN_QUOTED_INCLUDE_IN_FRAMEWORK_HEADER = YES;
				CLANG_WARN_RANGE_LOOP_ANALYSIS = YES;
				CLANG_WARN_STRICT_PROTOTYPES = YES;
				CLANG_WARN_SUSPICIOUS_MOVE = YES;
				CLANG_WARN_UNGUARDED_AVAILABILITY = YES_AGGRESSIVE;
				CLANG_WARN_UNREACHABLE_CODE = YES;
				CLANG_WARN__DUPLICATE_METHOD_MATCH = YES;
				COPY_PHASE_STRIP = NO;
				DEBUG_INFORMATION_FORMAT = "dwarf-with-dsym";
				ENABLE_NS_ASSERTIONS = NO;
				ENABLE_STRICT_OBJC_MSGSEND = YES;
				GCC_C_LANGUAGE_STANDARD = gnu11;
				GCC_NO_COMMON_BLOCKS = YES;
				GCC_WARN_64_TO_32_BIT_CONVERSION = YES;
				GCC_WARN_ABOUT_RETURN_TYPE = YES_ERROR;
				GCC_WARN_UNDECLARED_SELECTOR = YES;
				GCC_WARN_UNINITIALIZED_AUTOS = YES_AGGRESSIVE;
				GCC_WARN_UNUSED_FUNCTION = YES;
				GCC_WARN_UNUSED_VARIABLE = YES;
				MACOSX_DEPLOYMENT_TARGET = 13.1;
				MTL_ENABLE_DEBUG_INFO = NO;
				MTL_FAST_MATH = YES;
				SDKROOT = macosx;
				SWIFT_COMPILATION_MODE = wholemodule;
				SWIFT_OPTIMIZATION_LEVEL = "-O";
			};
			name = Release;
		};
		362A6AAC298C4B8300D2B6D5 /* Debug */ = {
			isa = XCBuildConfiguration;
			buildSettings = {
				ASSETCATALOG_COMPILER_APPICON_NAME = AppIcon;
				ASSETCATALOG_COMPILER_GLOBAL_ACCENT_COLOR_NAME = AccentColor;
				CLANG_ENABLE_MODULES = YES;
				CODE_SIGN_ENTITLEMENTS = "Trombone Champ Mod Manager/Trombone_Champ_Mod_Manager.entitlements";
				CODE_SIGN_STYLE = Automatic;
				COMBINE_HIDPI_IMAGES = YES;
				CURRENT_PROJECT_VERSION = 6;
				DEVELOPMENT_ASSET_PATHS = "\"Trombone Champ Mod Manager/Preview Content\"";
				DEVELOPMENT_TEAM = RJNC97Y8QD;
				ENABLE_HARDENED_RUNTIME = YES;
				ENABLE_PREVIEWS = YES;
				GENERATE_INFOPLIST_FILE = YES;
				INFOPLIST_KEY_CFBundleDisplayName = "Trombone Champ Mod Manager";
				INFOPLIST_KEY_LSApplicationCategoryType = "public.app-category.entertainment";
				INFOPLIST_KEY_NSHumanReadableCopyright = "Made with ❤️ by Andrew Glaze (Candygoblen123)";
				LD_RUNPATH_SEARCH_PATHS = (
					"$(inherited)",
					"@executable_path/../Frameworks",
				);
				MACOSX_DEPLOYMENT_TARGET = 13.0;
				MARKETING_VERSION = 1.0.2;
				PRODUCT_BUNDLE_IDENTIFIER = "com.candy.Trombone-Champ-Mod-Manager";
				PRODUCT_NAME = "$(TARGET_NAME)";
				SWIFT_EMIT_LOC_STRINGS = YES;
				SWIFT_OPTIMIZATION_LEVEL = "-Onone";
				SWIFT_VERSION = 5.0;
			};
			name = Debug;
		};
		362A6AAD298C4B8300D2B6D5 /* Release */ = {
			isa = XCBuildConfiguration;
			buildSettings = {
				ASSETCATALOG_COMPILER_APPICON_NAME = AppIcon;
				ASSETCATALOG_COMPILER_GLOBAL_ACCENT_COLOR_NAME = AccentColor;
				CLANG_ENABLE_MODULES = YES;
				CODE_SIGN_ENTITLEMENTS = "Trombone Champ Mod Manager/Trombone_Champ_Mod_Manager.entitlements";
				CODE_SIGN_STYLE = Automatic;
				COMBINE_HIDPI_IMAGES = YES;
				CURRENT_PROJECT_VERSION = 6;
				DEVELOPMENT_ASSET_PATHS = "\"Trombone Champ Mod Manager/Preview Content\"";
				DEVELOPMENT_TEAM = RJNC97Y8QD;
				ENABLE_HARDENED_RUNTIME = YES;
				ENABLE_PREVIEWS = YES;
				GENERATE_INFOPLIST_FILE = YES;
				INFOPLIST_KEY_CFBundleDisplayName = "Trombone Champ Mod Manager";
				INFOPLIST_KEY_LSApplicationCategoryType = "public.app-category.entertainment";
				INFOPLIST_KEY_NSHumanReadableCopyright = "Made with ❤️ by Andrew Glaze (Candygoblen123)";
				LD_RUNPATH_SEARCH_PATHS = (
					"$(inherited)",
					"@executable_path/../Frameworks",
				);
				MACOSX_DEPLOYMENT_TARGET = 13.0;
				MARKETING_VERSION = 1.0.2;
				PRODUCT_BUNDLE_IDENTIFIER = "com.candy.Trombone-Champ-Mod-Manager";
				PRODUCT_NAME = "$(TARGET_NAME)";
				SWIFT_EMIT_LOC_STRINGS = YES;
				SWIFT_VERSION = 5.0;
			};
			name = Release;
		};
/* End XCBuildConfiguration section */

/* Begin XCConfigurationList section */
		362A6A97298C4B8200D2B6D5 /* Build configuration list for PBXProject "Trombone Champ Mod Manager" */ = {
			isa = XCConfigurationList;
			buildConfigurations = (
				362A6AA9298C4B8300D2B6D5 /* Debug */,
				362A6AAA298C4B8300D2B6D5 /* Release */,
			);
			defaultConfigurationIsVisible = 0;
			defaultConfigurationName = Release;
		};
		362A6AAB298C4B8300D2B6D5 /* Build configuration list for PBXNativeTarget "Trombone Champ Mod Manager" */ = {
			isa = XCConfigurationList;
			buildConfigurations = (
				362A6AAC298C4B8300D2B6D5 /* Debug */,
				362A6AAD298C4B8300D2B6D5 /* Release */,
			);
			defaultConfigurationIsVisible = 0;
			defaultConfigurationName = Release;
		};
/* End XCConfigurationList section */

/* Begin XCRemoteSwiftPackageReference section */
		362A6AB0298C625600D2B6D5 /* XCRemoteSwiftPackageReference "ZIPFoundation" */ = {
			isa = XCRemoteSwiftPackageReference;
			repositoryURL = "https://github.com/weichsel/ZIPFoundation.git";
			requirement = {
				kind = upToNextMajorVersion;
				minimumVersion = 0.9.9;
			};
		};
		36616AF0298DECEF00E92886 /* XCRemoteSwiftPackageReference "swiftui-cached-async-image" */ = {
			isa = XCRemoteSwiftPackageReference;
			repositoryURL = "https://github.com/lorenzofiamingo/swiftui-cached-async-image.git";
			requirement = {
				kind = upToNextMajorVersion;
				minimumVersion = 2.0.0;
			};
		};
/* End XCRemoteSwiftPackageReference section */

/* Begin XCSwiftPackageProductDependency section */
		362A6AB1298C625600D2B6D5 /* ZIPFoundation */ = {
			isa = XCSwiftPackageProductDependency;
			package = 362A6AB0298C625600D2B6D5 /* XCRemoteSwiftPackageReference "ZIPFoundation" */;
			productName = ZIPFoundation;
		};
		36616AF1298DECEF00E92886 /* CachedAsyncImage */ = {
			isa = XCSwiftPackageProductDependency;
			package = 36616AF0298DECEF00E92886 /* XCRemoteSwiftPackageReference "swiftui-cached-async-image" */;
			productName = CachedAsyncImage;
		};
/* End XCSwiftPackageProductDependency section */
	};
	rootObject = 362A6A94298C4B8200D2B6D5 /* Project object */;
}
